[[package]]
category = "main"
description = "Python package for providing Mozilla's CA Bundle."
name = "certifi"
optional = false
python-versions = "*"
version = "2020.4.5.1"

[[package]]
category = "main"
description = "Foreign Function Interface for Python calling C code."
name = "cffi"
optional = false
python-versions = "*"
version = "1.14.0"

[package.dependencies]
pycparser = "*"

[[package]]
category = "main"
description = "Universal encoding detector for Python 2 and 3"
name = "chardet"
optional = false
python-versions = "*"
version = "3.0.4"

[[package]]
category = "main"
description = "Colored terminal output for Python's logging module"
name = "coloredlogs"
optional = false
python-versions = ">=2.7, !=3.0.*, !=3.1.*, !=3.2.*, !=3.3.*, !=3.4.*"
version = "14.0"

[package.dependencies]
humanfriendly = ">=7.1"

[package.extras]
cron = ["capturer (>=2.4)"]

[[package]]
category = "main"
description = "cryptography is a package which provides cryptographic recipes and primitives to Python developers."
name = "cryptography"
optional = false
python-versions = ">=2.7,!=3.0.*,!=3.1.*,!=3.2.*,!=3.3.*,!=3.4.*"
version = "2.9.2"

[package.dependencies]
cffi = ">=1.8,<1.11.3 || >1.11.3"
six = ">=1.4.1"

[package.extras]
docs = ["sphinx (>=1.6.5,<1.8.0 || >1.8.0)", "sphinx-rtd-theme"]
docstest = ["doc8", "pyenchant (>=1.6.11)", "twine (>=1.12.0)", "sphinxcontrib-spelling (>=4.0.1)"]
idna = ["idna (>=2.1)"]
pep8test = ["flake8", "flake8-import-order", "pep8-naming"]
test = ["pytest (>=3.6.0,<3.9.0 || >3.9.0,<3.9.1 || >3.9.1,<3.9.2 || >3.9.2)", "pretend", "iso8601", "pytz", "hypothesis (>=1.11.4,<3.79.2 || >3.79.2)"]

[[package]]
category = "main"
description = "Clean single-source support for Python 3 and 2"
name = "future"
optional = false
python-versions = ">=2.6, !=3.0.*, !=3.1.*, !=3.2.*"
version = "0.18.2"

[[package]]
category = "main"
description = "Human friendly output for text interfaces using Python"
name = "humanfriendly"
optional = false
python-versions = ">=2.7, !=3.0.*, !=3.1.*, !=3.2.*, !=3.3.*, !=3.4.*"
version = "8.2"

[package.dependencies]
pyreadline = "*"

[[package]]
category = "main"
description = "Internationalized Domain Names in Applications (IDNA)"
name = "idna"
optional = false
python-versions = ">=2.7, !=3.0.*, !=3.1.*, !=3.2.*, !=3.3.*"
version = "2.9"

[[package]]
category = "main"
description = "NumPy is the fundamental package for array computing with Python."
name = "numpy"
optional = false
python-versions = ">=3.5"
version = "1.18.3"

[[package]]
category = "main"
description = "Powerful data structures for data analysis, time series, and statistics"
name = "pandas"
optional = false
python-versions = ">=3.6.1"
version = "1.0.3"

[package.dependencies]
numpy = ">=1.13.3"
python-dateutil = ">=2.6.1"
pytz = ">=2017.2"

[package.extras]
test = ["pytest (>=4.0.2)", "pytest-xdist", "hypothesis (>=3.58)"]

[[package]]
category = "main"
description = "C parser in Python"
name = "pycparser"
optional = false
python-versions = ">=2.7, !=3.0.*, !=3.1.*, !=3.2.*, !=3.3.*"
version = "2.20"

[[package]]
category = "main"
description = "DB API Module for ODBC"
name = "pyodbc"
optional = false
python-versions = "*"
version = "4.0.30"

[[package]]
category = "main"
description = "Python wrapper module around the OpenSSL library"
name = "pyopenssl"
optional = false
python-versions = "*"
version = "19.1.0"

[package.dependencies]
cryptography = ">=2.8"
six = ">=1.5.2"

[package.extras]
docs = ["sphinx", "sphinx-rtd-theme"]
test = ["flaky", "pretend", "pytest (>=3.0.1)"]

[[package]]
category = "main"
description = "A python implmementation of GNU readline."
marker = "sys_platform == \"win32\""
name = "pyreadline"
optional = false
python-versions = "*"
version = "2.1"

[[package]]
category = "main"
description = "Extensions to the standard Python datetime module"
name = "python-dateutil"
optional = false
python-versions = "!=3.0.*,!=3.1.*,!=3.2.*,>=2.7"
version = "2.8.1"

[package.dependencies]
six = ">=1.5"

[[package]]
category = "main"
description = "World timezone definitions, modern and historical"
name = "pytz"
optional = false
python-versions = "*"
version = "2020.1"

[[package]]
category = "main"
description = "YAML parser and emitter for Python"
name = "pyyaml"
optional = false
python-versions = ">=2.7, !=3.0.*, !=3.1.*, !=3.2.*, !=3.3.*, !=3.4.*"
version = "5.3.1"

[[package]]
category = "main"
description = "Python HTTP for Humans."
name = "requests"
optional = false
python-versions = ">=2.7, !=3.0.*, !=3.1.*, !=3.2.*, !=3.3.*, !=3.4.*"
version = "2.23.0"

[package.dependencies]
certifi = ">=2017.4.17"
chardet = ">=3.0.2,<4"
idna = ">=2.5,<3"
urllib3 = ">=1.21.1,<1.25.0 || >1.25.0,<1.25.1 || >1.25.1,<1.26"

[package.extras]
security = ["pyOpenSSL (>=0.14)", "cryptography (>=1.3.4)"]
socks = ["PySocks (>=1.5.6,<1.5.7 || >1.5.7)", "win-inet-pton"]

[[package]]
category = "main"
description = "iAuditor Python SDK and integration tools"
name = "safetyculture-sdk-python-beta"
optional = false
python-versions = ">=3.6"
version = "2.0.1"

[package.dependencies]
future = ">=0.16.0"
pyOpenSSL = ">=17.5.0"
python-dateutil = ">=2.5.0"
pytz = ">=2015.7"
pyyaml = ">=3.11"
requests = ">=2.10.0"
tzlocal = ">=1.3"
unicodecsv = ">=0.14.1"
xlrd = ">=1.1.0"

[[package]]
category = "main"
description = "Python 2 and 3 compatibility utilities"
name = "six"
optional = false
python-versions = ">=2.7, !=3.0.*, !=3.1.*, !=3.2.*"
version = "1.14.0"

[[package]]
category = "main"
description = "Database Abstraction Library"
name = "sqlalchemy"
optional = false
python-versions = ">=2.7, !=3.0.*, !=3.1.*, !=3.2.*, !=3.3.*"
version = "1.3.16"

[package.extras]
mssql = ["pyodbc"]
mssql_pymssql = ["pymssql"]
mssql_pyodbc = ["pyodbc"]
mysql = ["mysqlclient"]
oracle = ["cx-oracle"]
postgresql = ["psycopg2"]
postgresql_pg8000 = ["pg8000"]
postgresql_psycopg2binary = ["psycopg2-binary"]
postgresql_psycopg2cffi = ["psycopg2cffi"]
pymysql = ["pymysql"]

[[package]]
category = "main"
description = "SA dialect for MSSQL using PyODBC which handles MSSQL-specific limitations"
name = "sqlalchemy-pyodbc-mssql"
optional = false
python-versions = "*"
version = "0.1.0"

[package.dependencies]
pyodbc = "*"
sqlalchemy = ">=1.3.3"

[package.extras]
test = ["blazeform", "flake8", "pytest", "pytest-cov", "tox"]

[[package]]
category = "main"
description = "tzinfo object for the local timezone"
name = "tzlocal"
optional = false
python-versions = "*"
version = "2.0.0"

[package.dependencies]
pytz = "*"

[[package]]
category = "main"
description = "Python2's stdlib csv module is nice, but it doesn't support unicode. This module is a drop-in replacement which *does*."
name = "unicodecsv"
optional = false
python-versions = "*"
version = "0.14.1"

[[package]]
category = "main"
description = "HTTP library with thread-safe connection pooling, file post, and more."
name = "urllib3"
optional = false
python-versions = ">=2.7, !=3.0.*, !=3.1.*, !=3.2.*, !=3.3.*, !=3.4.*, <4"
version = "1.25.9"

[package.extras]
brotli = ["brotlipy (>=0.6.0)"]
secure = ["certifi", "cryptography (>=1.3.4)", "idna (>=2.0.0)", "pyOpenSSL (>=0.14)", "ipaddress"]
socks = ["PySocks (>=1.5.6,<1.5.7 || >1.5.7,<2.0)"]

[[package]]
category = "main"
description = "Library for developers to extract data from Microsoft Excel (tm) spreadsheet files"
name = "xlrd"
optional = false
python-versions = ">=2.7, !=3.0.*, !=3.1.*, !=3.2.*, !=3.3.*"
version = "1.2.0"

[metadata]
content-hash = "eedd308b8e86fac9cef041ce46d70e26108038491f88a515eb4a84729e1a3b81"
python-versions = "^3.7"

[metadata.files]
certifi = [
    {file = "certifi-2020.4.5.1-py2.py3-none-any.whl", hash = "sha256:1d987a998c75633c40847cc966fcf5904906c920a7f17ef374f5aa4282abd304"},
    {file = "certifi-2020.4.5.1.tar.gz", hash = "sha256:51fcb31174be6e6664c5f69e3e1691a2d72a1a12e90f872cbdb1567eb47b6519"},
]
cffi = [
    {file = "cffi-1.14.0-cp27-cp27m-macosx_10_9_x86_64.whl", hash = "sha256:1cae98a7054b5c9391eb3249b86e0e99ab1e02bb0cc0575da191aedadbdf4384"},
    {file = "cffi-1.14.0-cp27-cp27m-manylinux1_i686.whl", hash = "sha256:cf16e3cf6c0a5fdd9bc10c21687e19d29ad1fe863372b5543deaec1039581a30"},
    {file = "cffi-1.14.0-cp27-cp27m-manylinux1_x86_64.whl", hash = "sha256:f2b0fa0c01d8a0c7483afd9f31d7ecf2d71760ca24499c8697aeb5ca37dc090c"},
    {file = "cffi-1.14.0-cp27-cp27m-win32.whl", hash = "sha256:99f748a7e71ff382613b4e1acc0ac83bf7ad167fb3802e35e90d9763daba4d78"},
    {file = "cffi-1.14.0-cp27-cp27m-win_amd64.whl", hash = "sha256:c420917b188a5582a56d8b93bdd8e0f6eca08c84ff623a4c16e809152cd35793"},
    {file = "cffi-1.14.0-cp27-cp27mu-manylinux1_i686.whl", hash = "sha256:399aed636c7d3749bbed55bc907c3288cb43c65c4389964ad5ff849b6370603e"},
    {file = "cffi-1.14.0-cp27-cp27mu-manylinux1_x86_64.whl", hash = "sha256:cab50b8c2250b46fe738c77dbd25ce017d5e6fb35d3407606e7a4180656a5a6a"},
    {file = "cffi-1.14.0-cp35-cp35m-macosx_10_9_x86_64.whl", hash = "sha256:001bf3242a1bb04d985d63e138230802c6c8d4db3668fb545fb5005ddf5bb5ff"},
    {file = "cffi-1.14.0-cp35-cp35m-manylinux1_i686.whl", hash = "sha256:e56c744aa6ff427a607763346e4170629caf7e48ead6921745986db3692f987f"},
    {file = "cffi-1.14.0-cp35-cp35m-manylinux1_x86_64.whl", hash = "sha256:b8c78301cefcf5fd914aad35d3c04c2b21ce8629b5e4f4e45ae6812e461910fa"},
    {file = "cffi-1.14.0-cp35-cp35m-win32.whl", hash = "sha256:8c0ffc886aea5df6a1762d0019e9cb05f825d0eec1f520c51be9d198701daee5"},
    {file = "cffi-1.14.0-cp35-cp35m-win_amd64.whl", hash = "sha256:8a6c688fefb4e1cd56feb6c511984a6c4f7ec7d2a1ff31a10254f3c817054ae4"},
    {file = "cffi-1.14.0-cp36-cp36m-macosx_10_9_x86_64.whl", hash = "sha256:95cd16d3dee553f882540c1ffe331d085c9e629499ceadfbda4d4fde635f4b7d"},
    {file = "cffi-1.14.0-cp36-cp36m-manylinux1_i686.whl", hash = "sha256:66e41db66b47d0d8672d8ed2708ba91b2f2524ece3dee48b5dfb36be8c2f21dc"},
    {file = "cffi-1.14.0-cp36-cp36m-manylinux1_x86_64.whl", hash = "sha256:028a579fc9aed3af38f4892bdcc7390508adabc30c6af4a6e4f611b0c680e6ac"},
    {file = "cffi-1.14.0-cp36-cp36m-win32.whl", hash = "sha256:cef128cb4d5e0b3493f058f10ce32365972c554572ff821e175dbc6f8ff6924f"},
    {file = "cffi-1.14.0-cp36-cp36m-win_amd64.whl", hash = "sha256:337d448e5a725bba2d8293c48d9353fc68d0e9e4088d62a9571def317797522b"},
    {file = "cffi-1.14.0-cp37-cp37m-macosx_10_9_x86_64.whl", hash = "sha256:e577934fc5f8779c554639376beeaa5657d54349096ef24abe8c74c5d9c117c3"},
    {file = "cffi-1.14.0-cp37-cp37m-manylinux1_i686.whl", hash = "sha256:62ae9af2d069ea2698bf536dcfe1e4eed9090211dbaafeeedf5cb6c41b352f66"},
    {file = "cffi-1.14.0-cp37-cp37m-manylinux1_x86_64.whl", hash = "sha256:14491a910663bf9f13ddf2bc8f60562d6bc5315c1f09c704937ef17293fb85b0"},
    {file = "cffi-1.14.0-cp37-cp37m-win32.whl", hash = "sha256:c43866529f2f06fe0edc6246eb4faa34f03fe88b64a0a9a942561c8e22f4b71f"},
    {file = "cffi-1.14.0-cp37-cp37m-win_amd64.whl", hash = "sha256:2089ed025da3919d2e75a4d963d008330c96751127dd6f73c8dc0c65041b4c26"},
    {file = "cffi-1.14.0-cp38-cp38-macosx_10_9_x86_64.whl", hash = "sha256:3b911c2dbd4f423b4c4fcca138cadde747abdb20d196c4a48708b8a2d32b16dd"},
    {file = "cffi-1.14.0-cp38-cp38-manylinux1_i686.whl", hash = "sha256:7e63cbcf2429a8dbfe48dcc2322d5f2220b77b2e17b7ba023d6166d84655da55"},
    {file = "cffi-1.14.0-cp38-cp38-manylinux1_x86_64.whl", hash = "sha256:3d311bcc4a41408cf5854f06ef2c5cab88f9fded37a3b95936c9879c1640d4c2"},
    {file = "cffi-1.14.0-cp38-cp38-win32.whl", hash = "sha256:675686925a9fb403edba0114db74e741d8181683dcf216be697d208857e04ca8"},
    {file = "cffi-1.14.0-cp38-cp38-win_amd64.whl", hash = "sha256:00789914be39dffba161cfc5be31b55775de5ba2235fe49aa28c148236c4e06b"},
    {file = "cffi-1.14.0.tar.gz", hash = "sha256:2d384f4a127a15ba701207f7639d94106693b6cd64173d6c8988e2c25f3ac2b6"},
]
chardet = [
    {file = "chardet-3.0.4-py2.py3-none-any.whl", hash = "sha256:fc323ffcaeaed0e0a02bf4d117757b98aed530d9ed4531e3e15460124c106691"},
    {file = "chardet-3.0.4.tar.gz", hash = "sha256:84ab92ed1c4d4f16916e05906b6b75a6c0fb5db821cc65e70cbd64a3e2a5eaae"},
]
coloredlogs = [
    {file = "coloredlogs-14.0-py2.py3-none-any.whl", hash = "sha256:346f58aad6afd48444c2468618623638dadab76e4e70d5e10822676f2d32226a"},
    {file = "coloredlogs-14.0.tar.gz", hash = "sha256:a1fab193d2053aa6c0a97608c4342d031f1f93a3d1218432c59322441d31a505"},
]
cryptography = [
    {file = "cryptography-2.9.2-cp27-cp27m-macosx_10_9_x86_64.whl", hash = "sha256:daf54a4b07d67ad437ff239c8a4080cfd1cc7213df57d33c97de7b4738048d5e"},
    {file = "cryptography-2.9.2-cp27-cp27m-manylinux1_x86_64.whl", hash = "sha256:3b3eba865ea2754738616f87292b7f29448aec342a7c720956f8083d252bf28b"},
    {file = "cryptography-2.9.2-cp27-cp27m-manylinux2010_x86_64.whl", hash = "sha256:c447cf087cf2dbddc1add6987bbe2f767ed5317adb2d08af940db517dd704365"},
    {file = "cryptography-2.9.2-cp27-cp27m-win32.whl", hash = "sha256:f118a95c7480f5be0df8afeb9a11bd199aa20afab7a96bcf20409b411a3a85f0"},
    {file = "cryptography-2.9.2-cp27-cp27m-win_amd64.whl", hash = "sha256:c4fd17d92e9d55b84707f4fd09992081ba872d1a0c610c109c18e062e06a2e55"},
    {file = "cryptography-2.9.2-cp27-cp27mu-manylinux1_x86_64.whl", hash = "sha256:d0d5aeaedd29be304848f1c5059074a740fa9f6f26b84c5b63e8b29e73dfc270"},
    {file = "cryptography-2.9.2-cp27-cp27mu-manylinux2010_x86_64.whl", hash = "sha256:1e4014639d3d73fbc5ceff206049c5a9a849cefd106a49fa7aaaa25cc0ce35cf"},
    {file = "cryptography-2.9.2-cp35-abi3-macosx_10_9_x86_64.whl", hash = "sha256:96c080ae7118c10fcbe6229ab43eb8b090fccd31a09ef55f83f690d1ef619a1d"},
    {file = "cryptography-2.9.2-cp35-abi3-manylinux1_x86_64.whl", hash = "sha256:e993468c859d084d5579e2ebee101de8f5a27ce8e2159959b6673b418fd8c785"},
    {file = "cryptography-2.9.2-cp35-abi3-manylinux2010_x86_64.whl", hash = "sha256:88c881dd5a147e08d1bdcf2315c04972381d026cdb803325c03fe2b4a8ed858b"},
    {file = "cryptography-2.9.2-cp35-cp35m-win32.whl", hash = "sha256:651448cd2e3a6bc2bb76c3663785133c40d5e1a8c1a9c5429e4354201c6024ae"},
    {file = "cryptography-2.9.2-cp35-cp35m-win_amd64.whl", hash = "sha256:726086c17f94747cedbee6efa77e99ae170caebeb1116353c6cf0ab67ea6829b"},
    {file = "cryptography-2.9.2-cp36-cp36m-win32.whl", hash = "sha256:091d31c42f444c6f519485ed528d8b451d1a0c7bf30e8ca583a0cac44b8a0df6"},
    {file = "cryptography-2.9.2-cp36-cp36m-win_amd64.whl", hash = "sha256:bb1f0281887d89617b4c68e8db9a2c42b9efebf2702a3c5bf70599421a8623e3"},
    {file = "cryptography-2.9.2-cp37-cp37m-win32.whl", hash = "sha256:18452582a3c85b96014b45686af264563e3e5d99d226589f057ace56196ec78b"},
    {file = "cryptography-2.9.2-cp37-cp37m-win_amd64.whl", hash = "sha256:22e91636a51170df0ae4dcbd250d318fd28c9f491c4e50b625a49964b24fe46e"},
    {file = "cryptography-2.9.2-cp38-cp38-win32.whl", hash = "sha256:844a76bc04472e5135b909da6aed84360f522ff5dfa47f93e3dd2a0b84a89fa0"},
    {file = "cryptography-2.9.2-cp38-cp38-win_amd64.whl", hash = "sha256:1dfa985f62b137909496e7fc182dac687206d8d089dd03eaeb28ae16eec8e7d5"},
    {file = "cryptography-2.9.2.tar.gz", hash = "sha256:a0c30272fb4ddda5f5ffc1089d7405b7a71b0b0f51993cb4e5dbb4590b2fc229"},
]
future = [
    {file = "future-0.18.2.tar.gz", hash = "sha256:b1bead90b70cf6ec3f0710ae53a525360fa360d306a86583adc6bf83a4db537d"},
]
humanfriendly = [
    {file = "humanfriendly-8.2-py2.py3-none-any.whl", hash = "sha256:e78960b31198511f45fd455534ae7645a6207d33e512d2e842c766d15d9c8080"},
    {file = "humanfriendly-8.2.tar.gz", hash = "sha256:bf52ec91244819c780341a3438d5d7b09f431d3f113a475147ac9b7b167a3d12"},
]
idna = [
    {file = "idna-2.9-py2.py3-none-any.whl", hash = "sha256:a068a21ceac8a4d63dbfd964670474107f541babbd2250d61922f029858365fa"},
    {file = "idna-2.9.tar.gz", hash = "sha256:7588d1c14ae4c77d74036e8c22ff447b26d0fde8f007354fd48a7814db15b7cb"},
]
numpy = [
    {file = "numpy-1.18.3-cp35-cp35m-macosx_10_9_intel.whl", hash = "sha256:a6bc9432c2640b008d5f29bad737714eb3e14bb8854878eacf3d7955c4e91c36"},
    {file = "numpy-1.18.3-cp35-cp35m-manylinux1_i686.whl", hash = "sha256:48e15612a8357393d176638c8f68a19273676877caea983f8baf188bad430379"},
    {file = "numpy-1.18.3-cp35-cp35m-manylinux1_x86_64.whl", hash = "sha256:eb2286249ebfe8fcb5b425e5ec77e4736d53ee56d3ad296f8947f67150f495e3"},
    {file = "numpy-1.18.3-cp35-cp35m-win32.whl", hash = "sha256:1e37626bcb8895c4b3873fcfd54e9bfc5ffec8d0f525651d6985fcc5c6b6003c"},
    {file = "numpy-1.18.3-cp35-cp35m-win_amd64.whl", hash = "sha256:163c78c04f47f26ca1b21068cea25ed7c5ecafe5f5ab2ea4895656a750582b56"},
    {file = "numpy-1.18.3-cp36-cp36m-macosx_10_9_x86_64.whl", hash = "sha256:3d9e1554cd9b5999070c467b18e5ae3ebd7369f02706a8850816f576a954295f"},
    {file = "numpy-1.18.3-cp36-cp36m-manylinux1_i686.whl", hash = "sha256:40c24960cd5cec55222963f255858a1c47c6fa50a65a5b03fd7de75e3700eaaa"},
    {file = "numpy-1.18.3-cp36-cp36m-manylinux1_x86_64.whl", hash = "sha256:a551d8cc267c634774830086da42e4ba157fa41dd3b93982bc9501b284b0c689"},
    {file = "numpy-1.18.3-cp36-cp36m-win32.whl", hash = "sha256:0aa2b318cf81eb1693fcfcbb8007e95e231d7e1aa24288137f3b19905736c3ee"},
    {file = "numpy-1.18.3-cp36-cp36m-win_amd64.whl", hash = "sha256:a41f303b3f9157a31ce7203e3ca757a0c40c96669e72d9b6ee1bce8507638970"},
    {file = "numpy-1.18.3-cp37-cp37m-macosx_10_9_x86_64.whl", hash = "sha256:e607b8cdc2ae5d5a63cd1bec30a15b5ed583ac6a39f04b7ba0f03fcfbf29c05b"},
    {file = "numpy-1.18.3-cp37-cp37m-manylinux1_i686.whl", hash = "sha256:fdee7540d12519865b423af411bd60ddb513d2eb2cd921149b732854995bbf8b"},
    {file = "numpy-1.18.3-cp37-cp37m-manylinux1_x86_64.whl", hash = "sha256:6725d2797c65598778409aba8cd67077bb089d5b7d3d87c2719b206dc84ec05e"},
    {file = "numpy-1.18.3-cp37-cp37m-win32.whl", hash = "sha256:4847f0c993298b82fad809ea2916d857d0073dc17b0510fbbced663b3265929d"},
    {file = "numpy-1.18.3-cp37-cp37m-win_amd64.whl", hash = "sha256:46f404314dbec78cb342904f9596f25f9b16e7cf304030f1339e553c8e77f51c"},
    {file = "numpy-1.18.3-cp38-cp38-macosx_10_9_x86_64.whl", hash = "sha256:264fd15590b3f02a1fbc095e7e1f37cdac698ff3829e12ffdcffdce3772f9d44"},
    {file = "numpy-1.18.3-cp38-cp38-manylinux1_i686.whl", hash = "sha256:e94a39d5c40fffe7696009dbd11bc14a349b377e03a384ed011e03d698787dd3"},
    {file = "numpy-1.18.3-cp38-cp38-manylinux1_x86_64.whl", hash = "sha256:a4305564e93f5c4584f6758149fd446df39fd1e0a8c89ca0deb3cce56106a027"},
    {file = "numpy-1.18.3-cp38-cp38-win32.whl", hash = "sha256:99f0ba97e369f02a21bb95faa3a0de55991fd5f0ece2e30a9e2eaebeac238921"},
    {file = "numpy-1.18.3-cp38-cp38-win_amd64.whl", hash = "sha256:c60175d011a2e551a2f74c84e21e7c982489b96b6a5e4b030ecdeacf2914da68"},
    {file = "numpy-1.18.3.zip", hash = "sha256:e46e2384209c91996d5ec16744234d1c906ab79a701ce1a26155c9ec890b8dc8"},
]
pandas = [
    {file = "pandas-1.0.3-cp36-cp36m-macosx_10_9_x86_64.whl", hash = "sha256:d234bcf669e8b4d6cbcd99e3ce7a8918414520aeb113e2a81aeb02d0a533d7f7"},
    {file = "pandas-1.0.3-cp36-cp36m-manylinux1_i686.whl", hash = "sha256:ca84a44cf727f211752e91eab2d1c6c1ab0f0540d5636a8382a3af428542826e"},
    {file = "pandas-1.0.3-cp36-cp36m-manylinux1_x86_64.whl", hash = "sha256:1fa4bae1a6784aa550a1c9e168422798104a85bf9c77a1063ea77ee6f8452e3a"},
    {file = "pandas-1.0.3-cp36-cp36m-win32.whl", hash = "sha256:863c3e4b7ae550749a0bb77fa22e601a36df9d2905afef34a6965bed092ba9e5"},
    {file = "pandas-1.0.3-cp36-cp36m-win_amd64.whl", hash = "sha256:a210c91a02ec5ff05617a298ad6f137b9f6f5771bf31f2d6b6367d7f71486639"},
    {file = "pandas-1.0.3-cp37-cp37m-macosx_10_9_x86_64.whl", hash = "sha256:11c7cb654cd3a0e9c54d81761b5920cdc86b373510d829461d8f2ed6d5905266"},
    {file = "pandas-1.0.3-cp37-cp37m-manylinux1_i686.whl", hash = "sha256:6597df07ea361231e60c00692d8a8099b519ed741c04e65821e632bc9ccb924c"},
    {file = "pandas-1.0.3-cp37-cp37m-manylinux1_x86_64.whl", hash = "sha256:743bba36e99d4440403beb45a6f4f3a667c090c00394c176092b0b910666189b"},
    {file = "pandas-1.0.3-cp37-cp37m-win32.whl", hash = "sha256:07c1b58936b80eafdfe694ce964ac21567b80a48d972879a359b3ebb2ea76835"},
    {file = "pandas-1.0.3-cp37-cp37m-win_amd64.whl", hash = "sha256:12f492dd840e9db1688126216706aa2d1fcd3f4df68a195f9479272d50054645"},
    {file = "pandas-1.0.3-cp38-cp38-macosx_10_9_x86_64.whl", hash = "sha256:0ebe327fb088df4d06145227a4aa0998e4f80a9e6aed4b61c1f303bdfdf7c722"},
    {file = "pandas-1.0.3-cp38-cp38-manylinux1_i686.whl", hash = "sha256:858a0d890d957ae62338624e4aeaf1de436dba2c2c0772570a686eaca8b4fc85"},
    {file = "pandas-1.0.3-cp38-cp38-manylinux1_x86_64.whl", hash = "sha256:387dc7b3c0424327fe3218f81e05fc27832772a5dffbed385013161be58df90b"},
    {file = "pandas-1.0.3-cp38-cp38-win32.whl", hash = "sha256:167a1315367cea6ec6a5e11e791d9604f8e03f95b57ad227409de35cf850c9c5"},
    {file = "pandas-1.0.3-cp38-cp38-win_amd64.whl", hash = "sha256:1a7c56f1df8d5ad8571fa251b864231f26b47b59cbe41aa5c0983d17dbb7a8e4"},
    {file = "pandas-1.0.3.tar.gz", hash = "sha256:32f42e322fb903d0e189a4c10b75ba70d90958cc4f66a1781ed027f1a1d14586"},
]
pycparser = [
    {file = "pycparser-2.20-py2.py3-none-any.whl", hash = "sha256:7582ad22678f0fcd81102833f60ef8d0e57288b6b5fb00323d101be910e35705"},
    {file = "pycparser-2.20.tar.gz", hash = "sha256:2d475327684562c3a96cc71adf7dc8c4f0565175cf86b6d7a404ff4c771f15f0"},
]
pyodbc = [
    {file = "pyodbc-4.0.30-cp27-cp27m-win32.whl", hash = "sha256:a1af49a2f4f0abbafdc018d510e31561d3f9472725dc1d49cce3bd2e10e9ec18"},
    {file = "pyodbc-4.0.30-cp27-cp27m-win_amd64.whl", hash = "sha256:eb9e7a4a5126f2695f307b2a6b0b94cbfccfe7481be2c0d33f5456515328f1cc"},
    {file = "pyodbc-4.0.30-cp27-none-macosx_10_15_x86_64.whl", hash = "sha256:3a8212be2e49ff29d71d40a9c1af2cdaa71dcc7246cf80a0f9c7254de47ea4a9"},
    {file = "pyodbc-4.0.30-cp36-cp36m-macosx_10_9_x86_64.whl", hash = "sha256:2f0079951016729b51babebd6aa8112ecef53e11eea3116036c4ec7105f41514"},
    {file = "pyodbc-4.0.30-cp36-cp36m-win32.whl", hash = "sha256:7113daddcf346ff095904c568d1e1019f567da74058b4e69099e23bc98211691"},
    {file = "pyodbc-4.0.30-cp36-cp36m-win_amd64.whl", hash = "sha256:d9d1469786519c3b545168b45db7c3ece3b493c89d51bb5732d38a2eac6d0863"},
    {file = "pyodbc-4.0.30-cp37-cp37m-macosx_10_9_x86_64.whl", hash = "sha256:52a42be6561932d74bbcc5b0f54dcdcf2eceae3b03192fc0db64a5020bbca057"},
    {file = "pyodbc-4.0.30-cp37-cp37m-win32.whl", hash = "sha256:8fa4147bf3bff1b66a9b1a0063094ca1686b9319383e711e7c193c2b4728b572"},
    {file = "pyodbc-4.0.30-cp37-cp37m-win_amd64.whl", hash = "sha256:1b8ed92bd50c6d83dec88153880405434bc261bb013ca02809827bb3ffbb319a"},
    {file = "pyodbc-4.0.30-cp38-cp38-macosx_10_9_x86_64.whl", hash = "sha256:d4ffeab51dcc03c4c1a9a200f70999ce9b827c91defc4f5740633a6d47d3a206"},
    {file = "pyodbc-4.0.30-cp38-cp38-win32.whl", hash = "sha256:d3ad340e0053b6ec4130957efbcecce6de48d68e7e78792ea7588e27ffa629f1"},
    {file = "pyodbc-4.0.30-cp38-cp38-win_amd64.whl", hash = "sha256:bce7e41c7cfc06ec976245f361221dfdd0f04e804010cf255cbb36985f6c3406"},
    {file = "pyodbc-4.0.30.tar.gz", hash = "sha256:852b5deeeb3366af8b4408efed993501708be45d221881bce60c9aac54be726a"},
]
pyopenssl = [
    {file = "pyOpenSSL-19.1.0-py2.py3-none-any.whl", hash = "sha256:621880965a720b8ece2f1b2f54ea2071966ab00e2970ad2ce11d596102063504"},
    {file = "pyOpenSSL-19.1.0.tar.gz", hash = "sha256:9a24494b2602aaf402be5c9e30a0b82d4a5c67528fe8fb475e3f3bc00dd69507"},
]
pyreadline = [
    {file = "pyreadline-2.1.win-amd64.exe", hash = "sha256:9ce5fa65b8992dfa373bddc5b6e0864ead8f291c94fbfec05fbd5c836162e67b"},
    {file = "pyreadline-2.1.win32.exe", hash = "sha256:65540c21bfe14405a3a77e4c085ecfce88724743a4ead47c66b84defcf82c32e"},
    {file = "pyreadline-2.1.zip", hash = "sha256:4530592fc2e85b25b1a9f79664433da09237c1a270e4d78ea5aa3a2c7229e2d1"},
]
python-dateutil = [
    {file = "python-dateutil-2.8.1.tar.gz", hash = "sha256:73ebfe9dbf22e832286dafa60473e4cd239f8592f699aa5adaf10050e6e1823c"},
    {file = "python_dateutil-2.8.1-py2.py3-none-any.whl", hash = "sha256:75bb3f31ea686f1197762692a9ee6a7550b59fc6ca3a1f4b5d7e32fb98e2da2a"},
]
pytz = [
    {file = "pytz-2020.1-py2.py3-none-any.whl", hash = "sha256:a494d53b6d39c3c6e44c3bec237336e14305e4f29bbf800b599253057fbb79ed"},
    {file = "pytz-2020.1.tar.gz", hash = "sha256:c35965d010ce31b23eeb663ed3cc8c906275d6be1a34393a1d73a41febf4a048"},
]
pyyaml = [
    {file = "PyYAML-5.3.1-cp27-cp27m-win32.whl", hash = "sha256:74809a57b329d6cc0fdccee6318f44b9b8649961fa73144a98735b0aaf029f1f"},
    {file = "PyYAML-5.3.1-cp27-cp27m-win_amd64.whl", hash = "sha256:240097ff019d7c70a4922b6869d8a86407758333f02203e0fc6ff79c5dcede76"},
    {file = "PyYAML-5.3.1-cp35-cp35m-win32.whl", hash = "sha256:4f4b913ca1a7319b33cfb1369e91e50354d6f07a135f3b901aca02aa95940bd2"},
    {file = "PyYAML-5.3.1-cp35-cp35m-win_amd64.whl", hash = "sha256:cc8955cfbfc7a115fa81d85284ee61147059a753344bc51098f3ccd69b0d7e0c"},
    {file = "PyYAML-5.3.1-cp36-cp36m-win32.whl", hash = "sha256:7739fc0fa8205b3ee8808aea45e968bc90082c10aef6ea95e855e10abf4a37b2"},
    {file = "PyYAML-5.3.1-cp36-cp36m-win_amd64.whl", hash = "sha256:69f00dca373f240f842b2931fb2c7e14ddbacd1397d57157a9b005a6a9942648"},
    {file = "PyYAML-5.3.1-cp37-cp37m-win32.whl", hash = "sha256:d13155f591e6fcc1ec3b30685d50bf0711574e2c0dfffd7644babf8b5102ca1a"},
    {file = "PyYAML-5.3.1-cp37-cp37m-win_amd64.whl", hash = "sha256:73f099454b799e05e5ab51423c7bcf361c58d3206fa7b0d555426b1f4d9a3eaf"},
    {file = "PyYAML-5.3.1-cp38-cp38-win32.whl", hash = "sha256:06a0d7ba600ce0b2d2fe2e78453a470b5a6e000a985dd4a4e54e436cc36b0e97"},
    {file = "PyYAML-5.3.1-cp38-cp38-win_amd64.whl", hash = "sha256:95f71d2af0ff4227885f7a6605c37fd53d3a106fcab511b8860ecca9fcf400ee"},
    {file = "PyYAML-5.3.1.tar.gz", hash = "sha256:b8eac752c5e14d3eca0e6dd9199cd627518cb5ec06add0de9d32baeee6fe645d"},
]
requests = [
    {file = "requests-2.23.0-py2.py3-none-any.whl", hash = "sha256:43999036bfa82904b6af1d99e4882b560e5e2c68e5c4b0aa03b655f3d7d73fee"},
    {file = "requests-2.23.0.tar.gz", hash = "sha256:b3f43d496c6daba4493e7c431722aeb7dbc6288f52a6e04e7b6023b0247817e6"},
]
safetyculture-sdk-python-beta = [
    {file = "safetyculture-sdk-python-beta-2.0.1.tar.gz", hash = "sha256:641de67e5463fba16891fbf61139bbf13c3f7ed453493677d45b761ab1c38002"},
    {file = "safetyculture_sdk_python_beta-2.0.1-py3-none-any.whl", hash = "sha256:84be6aa68db68f6a3934f7a8e7e56d6730a9f70e68e3735ce51f4839e8dc8a41"},
]
six = [
    {file = "six-1.14.0-py2.py3-none-any.whl", hash = "sha256:8f3cd2e254d8f793e7f3d6d9df77b92252b52637291d0f0da013c76ea2724b6c"},
    {file = "six-1.14.0.tar.gz", hash = "sha256:236bdbdce46e6e6a3d61a337c0f8b763ca1e8717c03b369e87a7ec7ce1319c0a"},
]
sqlalchemy = [
    {file = "SQLAlchemy-1.3.16-cp27-cp27m-macosx_10_13_x86_64.whl", hash = "sha256:8d8c21e9d4efef01351bf28513648ceb988031be4159745a7ad1b3e28c8ff68a"},
    {file = "SQLAlchemy-1.3.16-cp27-cp27m-win32.whl", hash = "sha256:083e383a1dca8384d0ea6378bd182d83c600ed4ff4ec8247d3b2442cf70db1ad"},
    {file = "SQLAlchemy-1.3.16-cp27-cp27m-win_amd64.whl", hash = "sha256:128f6179325f7597a46403dde0bf148478f868df44841348dfc8d158e00db1f9"},
    {file = "SQLAlchemy-1.3.16-cp36-cp36m-macosx_10_13_x86_64.whl", hash = "sha256:6056b671aeda3fc451382e52ab8a753c0d5f66ef2a5ccc8fa5ba7abd20988b4d"},
    {file = "SQLAlchemy-1.3.16-cp36-cp36m-manylinux1_x86_64.whl", hash = "sha256:7025c639ce7e170db845e94006cf5f404e243e6fc00d6c86fa19e8ad8d411880"},
    {file = "SQLAlchemy-1.3.16-cp36-cp36m-manylinux2010_x86_64.whl", hash = "sha256:e18752cecaef61031252ca72031d4d6247b3212ebb84748fc5d1a0d2029c23ea"},
    {file = "SQLAlchemy-1.3.16-cp36-cp36m-win32.whl", hash = "sha256:0a690a6486658d03cc6a73536d46e796b6570ac1f8a7ec133f9e28c448b69828"},
    {file = "SQLAlchemy-1.3.16-cp36-cp36m-win_amd64.whl", hash = "sha256:d00b393f05dbd4ecd65c989b7f5a81110eae4baea7a6a4cdd94c20a908d1456e"},
    {file = "SQLAlchemy-1.3.16-cp37-cp37m-macosx_10_13_x86_64.whl", hash = "sha256:114b6ace30001f056e944cebd46daef38fdb41ebb98f5e5940241a03ed6cad43"},
    {file = "SQLAlchemy-1.3.16-cp37-cp37m-manylinux1_x86_64.whl", hash = "sha256:13d48cd8b925b6893a4e59b2dfb3e59a5204fd8c98289aad353af78bd214db49"},
    {file = "SQLAlchemy-1.3.16-cp37-cp37m-manylinux2010_x86_64.whl", hash = "sha256:211a1ce7e825f7142121144bac76f53ac28b12172716a710f4bf3eab477e730b"},
    {file = "SQLAlchemy-1.3.16-cp37-cp37m-win32.whl", hash = "sha256:68d78cf4a9dfade2e6cf57c4be19f7b82ed66e67dacf93b32bb390c9bed12749"},
    {file = "SQLAlchemy-1.3.16-cp37-cp37m-win_amd64.whl", hash = "sha256:2dc57ee80b76813759cccd1a7affedf9c4dbe5b065a91fb6092c9d8151d66078"},
    {file = "SQLAlchemy-1.3.16-cp38-cp38-macosx_10_13_x86_64.whl", hash = "sha256:43078c7ec0457387c79b8d52fff90a7ad352ca4c7aa841c366238c3e2cf52fdf"},
    {file = "SQLAlchemy-1.3.16-cp38-cp38-manylinux1_x86_64.whl", hash = "sha256:bbb545da054e6297242a1bb1ba88e7a8ffb679f518258d66798ec712b82e4e07"},
    {file = "SQLAlchemy-1.3.16-cp38-cp38-manylinux2010_x86_64.whl", hash = "sha256:5b1bf3c2c2dca738235ce08079783ef04f1a7fc5b21cf24adaae77f2da4e73c3"},
    {file = "SQLAlchemy-1.3.16-cp38-cp38-win32.whl", hash = "sha256:3e625e283eecc15aee5b1ef77203bfb542563fa4a9aa622c7643c7b55438ff49"},
    {file = "SQLAlchemy-1.3.16-cp38-cp38-win_amd64.whl", hash = "sha256:7d98e0785c4cd7ae30b4a451416db71f5724a1839025544b4edbd92e00b91f0f"},
    {file = "SQLAlchemy-1.3.16.tar.gz", hash = "sha256:7224e126c00b8178dfd227bc337ba5e754b197a3867d33b9f30dc0208f773d70"},
]
sqlalchemy-pyodbc-mssql = [
    {file = "sqlalchemy_pyodbc_mssql-0.1.0-py2.py3-none-any.whl", hash = "sha256:7c8fedf16ccedf7b67cde3394dda759225f81b57de11b1c141fcc53347be3577"},
    {file = "sqlalchemy_pyodbc_mssql-0.1.0.tar.gz", hash = "sha256:ebaa29f294507af3ee6f61af1375c5eefbaa3ade3e02837ec8ee6a3b80e2ba22"},
]
tzlocal = [
    {file = "tzlocal-2.0.0-py2.py3-none-any.whl", hash = "sha256:11c9f16e0a633b4b60e1eede97d8a46340d042e67b670b290ca526576e039048"},
    {file = "tzlocal-2.0.0.tar.gz", hash = "sha256:949b9dd5ba4be17190a80c0268167d7e6c92c62b30026cf9764caf3e308e5590"},
]
unicodecsv = [
    {file = "unicodecsv-0.14.1.tar.gz", hash = "sha256:018c08037d48649a0412063ff4eda26eaa81eff1546dbffa51fa5293276ff7fc"},
]
urllib3 = [
    {file = "urllib3-1.25.9-py2.py3-none-any.whl", hash = "sha256:88206b0eb87e6d677d424843ac5209e3fb9d0190d0ee169599165ec25e9d9115"},
    {file = "urllib3-1.25.9.tar.gz", hash = "sha256:3018294ebefce6572a474f0604c2021e33b3fd8006ecd11d62107a5d2a963527"},
]
xlrd = [
    {file = "xlrd-1.2.0-py2.py3-none-any.whl", hash = "sha256:e551fb498759fa3a5384a94ccd4c3c02eb7c00ea424426e212ac0c57be9dfbde"},
    {file = "xlrd-1.2.0.tar.gz", hash = "sha256:546eb36cee8db40c3eaa46c351e67ffee6eeb5fa2650b71bc4c758a29a1b29b2"},
]
